
Microsoft Visual Studio Solution File, Format Version 12.00
# Visual Studio Version 17
VisualStudioVersion = 17.2.32630.192
MinimumVisualStudioVersion = 10.0.40219.1
Project("{FAE04EC0-301F-11D3-BF4B-00C04F79EFBC}") = "KonusarakOgren.Service", "KonusarakOgren.Service\KonusarakOgren.Service.csproj", "{451A6831-DE97-44FD-ACE7-0BA7E5496AE7}"
EndProject
Project("{FAE04EC0-301F-11D3-BF4B-00C04F79EFBC}") = "KonusarakOgren.Entities", "KonusarakOgren.Entities\KonusarakOgren.Entities.csproj", "{75C583C8-03B6-4B4C-A194-CC255255AF54}"
EndProject
Project("{FAE04EC0-301F-11D3-BF4B-00C04F79EFBC}") = "KonusarakOgren.DataAccess", "KonusarakOgren.DataAccess\KonusarakOgren.DataAccess.csproj", "{C751C483-FE90-4843-B6EF-40E70F5DA4AD}"
EndProject
Project("{FAE04EC0-301F-11D3-BF4B-00C04F79EFBC}") = "KonusarakOgren.Application", "KonusarakOgren.Application\KonusarakOgren.Application.csproj", "{508CC453-BC41-4A81-82B9-203B097D7374}"
EndProject
Project("{FAE04EC0-301F-11D3-BF4B-00C04F79EFBC}") = "KonusarakOgren.Mvc", "KonusarakOgren.Mvc\KonusarakOgren.Mvc.csproj", "{F847D9E7-0ABF-4FF0-B012-7CCAB671920D}"
EndProject
Global
	GlobalSection(SolutionConfigurationPlatforms) = preSolution
		Debug|Any CPU = Debug|Any CPU
		Release|Any CPU = Release|Any CPU
	EndGlobalSection
	GlobalSection(ProjectConfigurationPlatforms) = postSolution
		{451A6831-DE97-44FD-ACE7-0BA7E5496AE7}.Debug|Any CPU.ActiveCfg = Debug|Any CPU
		{451A6831-DE97-44FD-ACE7-0BA7E5496AE7}.Debug|Any CPU.Build.0 = Debug|Any CPU
		{451A6831-DE97-44FD-ACE7-0BA7E5496AE7}.Release|Any CPU.ActiveCfg = Release|Any CPU
		{451A6831-DE97-44FD-ACE7-0BA7E5496AE7}.Release|Any CPU.Build.0 = Release|Any CPU
		{75C583C8-03B6-4B4C-A194-CC255255AF54}.Debug|Any CPU.ActiveCfg = Debug|Any CPU
		{75C583C8-03B6-4B4C-A194-CC255255AF54}.Debug|Any CPU.Build.0 = Debug|Any CPU
		{75C583C8-03B6-4B4C-A194-CC255255AF54}.Release|Any CPU.ActiveCfg = Release|Any CPU
		{75C583C8-03B6-4B4C-A194-CC255255AF54}.Release|Any CPU.Build.0 = Release|Any CPU
		{C751C483-FE90-4843-B6EF-40E70F5DA4AD}.Debug|Any CPU.ActiveCfg = Debug|Any CPU
		{C751C483-FE90-4843-B6EF-40E70F5DA4AD}.Debug|Any CPU.Build.0 = Debug|Any CPU
		{C751C483-FE90-4843-B6EF-40E70F5DA4AD}.Release|Any CPU.ActiveCfg = Release|Any CPU
		{C751C483-FE90-4843-B6EF-40E70F5DA4AD}.Release|Any CPU.Build.0 = Release|Any CPU
		{508CC453-BC41-4A81-82B9-203B097D7374}.Debug|Any CPU.ActiveCfg = Debug|Any CPU
		{508CC453-BC41-4A81-82B9-203B097D7374}.Debug|Any CPU.Build.0 = Debug|Any CPU
		{508CC453-BC41-4A81-82B9-203B097D7374}.Release|Any CPU.ActiveCfg = Release|Any CPU
		{508CC453-BC41-4A81-82B9-203B097D7374}.Release|Any CPU.Build.0 = Release|Any CPU
		{F847D9E7-0ABF-4FF0-B012-7CCAB671920D}.Debug|Any CPU.ActiveCfg = Debug|Any CPU
		{F847D9E7-0ABF-4FF0-B012-7CCAB671920D}.Debug|Any CPU.Build.0 = Debug|Any CPU
		{F847D9E7-0ABF-4FF0-B012-7CCAB671920D}.Release|Any CPU.ActiveCfg = Release|Any CPU
		{F847D9E7-0ABF-4FF0-B012-7CCAB671920D}.Release|Any CPU.Build.0 = Release|Any CPU
	EndGlobalSection
	GlobalSection(SolutionProperties) = preSolution
		HideSolutionNode = FALSE
	EndGlobalSection
	GlobalSection(ExtensibilityGlobals) = postSolution
		SolutionGuid = {5AFBF64D-E6E5-40E7-9E53-A4B95AC33E12}
	EndGlobalSection
EndGlobal
